
Microsoft Visual Studio Solution File, Format Version 12.00
# Visual Studio Version 16
VisualStudioVersion = 16.0.30204.135
MinimumVisualStudioVersion = 10.0.40219.1
Project("{FAE04EC0-301F-11D3-BF4B-00C04F79EFBC}") = "Attendance_IT3A", "Attendance_IT3A\Attendance_IT3A.csproj", "{D433740D-098C-410F-8792-C691EB3D1305}"
EndProject
Global
	GlobalSection(SolutionConfigurationPlatforms) = preSolution
		Debug|Any CPU = Debug|Any CPU
		Release|Any CPU = Release|Any CPU
	EndGlobalSection
	GlobalSection(ProjectConfigurationPlatforms) = postSolution
		{D433740D-098C-410F-8792-C691EB3D1305}.Debug|Any CPU.ActiveCfg = Debug|Any CPU
		{D433740D-098C-410F-8792-C691EB3D1305}.Debug|Any CPU.Build.0 = Debug|Any CPU
		{D433740D-098C-410F-8792-C691EB3D1305}.Release|Any CPU.ActiveCfg = Release|Any CPU
		{D433740D-098C-410F-8792-C691EB3D1305}.Release|Any CPU.Build.0 = Release|Any CPU
	EndGlobalSection
	GlobalSection(SolutionProperties) = preSolution
		HideSolutionNode = FALSE
	EndGlobalSection
	GlobalSection(ExtensibilityGlobals) = postSolution
		SolutionGuid = {72011480-6CE8-455A-A2A4-39815450388E}
	EndGlobalSection
EndGlobal
